
Microsoft Visual Studio Solution File, Format Version 12.00
# Visual Studio 15
VisualStudioVersion = 15.0.28010.2041
MinimumVisualStudioVersion = 10.0.40219.1
Project("{FAE04EC0-301F-11D3-BF4B-00C04F79EFBC}") = "enableWebCopy", "enableWebCopy\enableWebCopy.csproj", "{74F35895-1A61-4EB2-8F81-287CEB75EF45}"
EndProject
Global
	GlobalSection(SolutionConfigurationPlatforms) = preSolution
		Debug|Any CPU = Debug|Any CPU
		Release|Any CPU = Release|Any CPU
	EndGlobalSection
	GlobalSection(ProjectConfigurationPlatforms) = postSolution
		{74F35895-1A61-4EB2-8F81-287CEB75EF45}.Debug|Any CPU.ActiveCfg = Debug|Any CPU
		{74F35895-1A61-4EB2-8F81-287CEB75EF45}.Debug|Any CPU.Build.0 = Debug|Any CPU
		{74F35895-1A61-4EB2-8F81-287CEB75EF45}.Release|Any CPU.ActiveCfg = Release|Any CPU
		{74F35895-1A61-4EB2-8F81-287CEB75EF45}.Release|Any CPU.Build.0 = Release|Any CPU
	EndGlobalSection
	GlobalSection(SolutionProperties) = preSolution
		HideSolutionNode = FALSE
	EndGlobalSection
	GlobalSection(ExtensibilityGlobals) = postSolution
		SolutionGuid = {39A766CB-B2DA-4B6E-A61A-E709DEECB0B7}
	EndGlobalSection
EndGlobal
